
Microsoft Visual Studio Solution File, Format Version 12.00
# Visual Studio Version 16
VisualStudioVersion = 16.0.31313.79
MinimumVisualStudioVersion = 10.0.40219.1
Project("{FAE04EC0-301F-11D3-BF4B-00C04F79EFBC}") = "ClassTutorial", "ClassTutorial\ClassTutorial.csproj", "{AD3A84A2-36DC-42A4-AE93-D1BAE1317538}"
EndProject
Global
	GlobalSection(SolutionConfigurationPlatforms) = preSolution
		Debug|Any CPU = Debug|Any CPU
		Release|Any CPU = Release|Any CPU
	EndGlobalSection
	GlobalSection(ProjectConfigurationPlatforms) = postSolution
		{AD3A84A2-36DC-42A4-AE93-D1BAE1317538}.Debug|Any CPU.ActiveCfg = Debug|Any CPU
		{AD3A84A2-36DC-42A4-AE93-D1BAE1317538}.Debug|Any CPU.Build.0 = Debug|Any CPU
		{AD3A84A2-36DC-42A4-AE93-D1BAE1317538}.Release|Any CPU.ActiveCfg = Release|Any CPU
		{AD3A84A2-36DC-42A4-AE93-D1BAE1317538}.Release|Any CPU.Build.0 = Release|Any CPU
	EndGlobalSection
	GlobalSection(SolutionProperties) = preSolution
		HideSolutionNode = FALSE
	EndGlobalSection
	GlobalSection(ExtensibilityGlobals) = postSolution
		SolutionGuid = {3A717577-15B3-4EF1-BDDE-A0F20218CD31}
	EndGlobalSection
EndGlobal
